
Microsoft Visual Studio Solution File, Format Version 12.00
# Visual Studio Version 16
VisualStudioVersion = 16.0.31410.357
MinimumVisualStudioVersion = 10.0.40219.1
Project("{9A19103F-16F7-4668-BE54-9A1E7A4F7556}") = "CoffeeShop", "CoffeeShop.csproj", "{C9518CAB-7A9F-4D80-B868-FF9246C6B3E0}"
EndProject
Global
	GlobalSection(SolutionConfigurationPlatforms) = preSolution
		Debug|Any CPU = Debug|Any CPU
		Release|Any CPU = Release|Any CPU
	EndGlobalSection
	GlobalSection(ProjectConfigurationPlatforms) = postSolution
		{C9518CAB-7A9F-4D80-B868-FF9246C6B3E0}.Debug|Any CPU.ActiveCfg = Debug|Any CPU
		{C9518CAB-7A9F-4D80-B868-FF9246C6B3E0}.Debug|Any CPU.Build.0 = Debug|Any CPU
		{C9518CAB-7A9F-4D80-B868-FF9246C6B3E0}.Release|Any CPU.ActiveCfg = Release|Any CPU
		{C9518CAB-7A9F-4D80-B868-FF9246C6B3E0}.Release|Any CPU.Build.0 = Release|Any CPU
	EndGlobalSection
	GlobalSection(SolutionProperties) = preSolution
		HideSolutionNode = FALSE
	EndGlobalSection
	GlobalSection(ExtensibilityGlobals) = postSolution
		SolutionGuid = {0E3A2D0D-58C9-4366-AA8F-918DA74A1F65}
	EndGlobalSection
EndGlobal
